
Microsoft Visual Studio Solution File, Format Version 12.00
# Visual Studio Version 17
VisualStudioVersion = 17.8.34316.72
MinimumVisualStudioVersion = 10.0.40219.1
Project("{9A19103F-16F7-4668-BE54-9A1E7A4F7556}") = "tasks1", "tasks1.csproj", "{8F0BEB18-76B6-495B-BA82-D2BCF70CE970}"
EndProject
Project("{9A19103F-16F7-4668-BE54-9A1E7A4F7556}") = "tasks2", "..\tasks2\tasks2.csproj", "{AD41DC4C-4ACA-4946-AEB6-97F7BB0562CD}"
EndProject
Project("{9A19103F-16F7-4668-BE54-9A1E7A4F7556}") = "tasks3", "..\tasks3\tasks3.csproj", "{E28114A0-DC93-437E-A448-051C09AB9936}"
EndProject
Project("{FAE04EC0-301F-11D3-BF4B-00C04F79EFBC}") = "tasks4", "..\tasks4\tasks4.csproj", "{34F8E6C1-AD94-4DCD-90F3-B2278E71F4B1}"
EndProject
Project("{FAE04EC0-301F-11D3-BF4B-00C04F79EFBC}") = "tasks5", "..\tasks5\tasks5.csproj", "{08EF7D63-45EA-4D0C-96EC-D3483D0FC613}"
EndProject
Global
	GlobalSection(SolutionConfigurationPlatforms) = preSolution
		Debug|Any CPU = Debug|Any CPU
		Release|Any CPU = Release|Any CPU
	EndGlobalSection
	GlobalSection(ProjectConfigurationPlatforms) = postSolution
		{8F0BEB18-76B6-495B-BA82-D2BCF70CE970}.Debug|Any CPU.ActiveCfg = Debug|Any CPU
		{8F0BEB18-76B6-495B-BA82-D2BCF70CE970}.Debug|Any CPU.Build.0 = Debug|Any CPU
		{8F0BEB18-76B6-495B-BA82-D2BCF70CE970}.Release|Any CPU.ActiveCfg = Release|Any CPU
		{8F0BEB18-76B6-495B-BA82-D2BCF70CE970}.Release|Any CPU.Build.0 = Release|Any CPU
		{AD41DC4C-4ACA-4946-AEB6-97F7BB0562CD}.Debug|Any CPU.ActiveCfg = Debug|Any CPU
		{AD41DC4C-4ACA-4946-AEB6-97F7BB0562CD}.Debug|Any CPU.Build.0 = Debug|Any CPU
		{AD41DC4C-4ACA-4946-AEB6-97F7BB0562CD}.Release|Any CPU.ActiveCfg = Release|Any CPU
		{AD41DC4C-4ACA-4946-AEB6-97F7BB0562CD}.Release|Any CPU.Build.0 = Release|Any CPU
		{E28114A0-DC93-437E-A448-051C09AB9936}.Debug|Any CPU.ActiveCfg = Debug|Any CPU
		{E28114A0-DC93-437E-A448-051C09AB9936}.Debug|Any CPU.Build.0 = Debug|Any CPU
		{E28114A0-DC93-437E-A448-051C09AB9936}.Release|Any CPU.ActiveCfg = Release|Any CPU
		{E28114A0-DC93-437E-A448-051C09AB9936}.Release|Any CPU.Build.0 = Release|Any CPU
		{34F8E6C1-AD94-4DCD-90F3-B2278E71F4B1}.Debug|Any CPU.ActiveCfg = Debug|Any CPU
		{34F8E6C1-AD94-4DCD-90F3-B2278E71F4B1}.Debug|Any CPU.Build.0 = Debug|Any CPU
		{34F8E6C1-AD94-4DCD-90F3-B2278E71F4B1}.Release|Any CPU.ActiveCfg = Release|Any CPU
		{34F8E6C1-AD94-4DCD-90F3-B2278E71F4B1}.Release|Any CPU.Build.0 = Release|Any CPU
		{08EF7D63-45EA-4D0C-96EC-D3483D0FC613}.Debug|Any CPU.ActiveCfg = Debug|Any CPU
		{08EF7D63-45EA-4D0C-96EC-D3483D0FC613}.Debug|Any CPU.Build.0 = Debug|Any CPU
		{08EF7D63-45EA-4D0C-96EC-D3483D0FC613}.Release|Any CPU.ActiveCfg = Release|Any CPU
		{08EF7D63-45EA-4D0C-96EC-D3483D0FC613}.Release|Any CPU.Build.0 = Release|Any CPU
	EndGlobalSection
	GlobalSection(SolutionProperties) = preSolution
		HideSolutionNode = FALSE
	EndGlobalSection
	GlobalSection(ExtensibilityGlobals) = postSolution
		SolutionGuid = {2FC40D2B-43BF-4AA0-B933-8029F30B12F6}
	EndGlobalSection
EndGlobal
